
Microsoft Visual Studio Solution File, Format Version 12.00
# Visual Studio Version 17
VisualStudioVersion = 17.10.34916.146
MinimumVisualStudioVersion = 10.0.40219.1
Project("{FAE04EC0-301F-11D3-BF4B-00C04F79EFBC}") = "AudioAnalyzerApp", "AudioAnalyzerApp\AudioAnalyzerApp.csproj", "{40C05A3E-CA92-4E9B-B6D6-05B4A0EAB46D}"
EndProject
Global
	GlobalSection(SolutionConfigurationPlatforms) = preSolution
		Debug|Any CPU = Debug|Any CPU
		Release|Any CPU = Release|Any CPU
	EndGlobalSection
	GlobalSection(ProjectConfigurationPlatforms) = postSolution
		{40C05A3E-CA92-4E9B-B6D6-05B4A0EAB46D}.Debug|Any CPU.ActiveCfg = Debug|Any CPU
		{40C05A3E-CA92-4E9B-B6D6-05B4A0EAB46D}.Debug|Any CPU.Build.0 = Debug|Any CPU
		{40C05A3E-CA92-4E9B-B6D6-05B4A0EAB46D}.Release|Any CPU.ActiveCfg = Release|Any CPU
		{40C05A3E-CA92-4E9B-B6D6-05B4A0EAB46D}.Release|Any CPU.Build.0 = Release|Any CPU
	EndGlobalSection
	GlobalSection(SolutionProperties) = preSolution
		HideSolutionNode = FALSE
	EndGlobalSection
	GlobalSection(ExtensibilityGlobals) = postSolution
		SolutionGuid = {5D5C6177-BADB-49E0-BF6B-3CA1E1F4F840}
	EndGlobalSection
EndGlobal
